
Microsoft Visual Studio Solution File, Format Version 12.00
# Visual Studio 15
VisualStudioVersion = 15.0.28307.779
MinimumVisualStudioVersion = 10.0.40219.1
Project("{FAE04EC0-301F-11D3-BF4B-00C04F79EFBC}") = "HostedService", "HostedService\HostedService.csproj", "{5E2E3483-55F7-423D-8463-B4797B89D43C}"
EndProject
Global
	GlobalSection(SolutionConfigurationPlatforms) = preSolution
		Debug|Any CPU = Debug|Any CPU
		Release|Any CPU = Release|Any CPU
	EndGlobalSection
	GlobalSection(ProjectConfigurationPlatforms) = postSolution
		{5E2E3483-55F7-423D-8463-B4797B89D43C}.Debug|Any CPU.ActiveCfg = Debug|Any CPU
		{5E2E3483-55F7-423D-8463-B4797B89D43C}.Debug|Any CPU.Build.0 = Debug|Any CPU
		{5E2E3483-55F7-423D-8463-B4797B89D43C}.Release|Any CPU.ActiveCfg = Release|Any CPU
		{5E2E3483-55F7-423D-8463-B4797B89D43C}.Release|Any CPU.Build.0 = Release|Any CPU
	EndGlobalSection
	GlobalSection(SolutionProperties) = preSolution
		HideSolutionNode = FALSE
	EndGlobalSection
	GlobalSection(ExtensibilityGlobals) = postSolution
		SolutionGuid = {7BA59AF7-3CFC-4190-851B-178BF22AC5A3}
	EndGlobalSection
EndGlobal
